
Microsoft Visual Studio Solution File, Format Version 12.00
# Visual Studio Version 17
VisualStudioVersion = 17.2.32630.192
MinimumVisualStudioVersion = 10.0.40219.1
Project("{FAE04EC0-301F-11D3-BF4B-00C04F79EFBC}") = "Florage.Shared", "Florage.Shared.csproj", "{36C0C2A2-B2FB-4102-94D6-28B4F829DEFB}"
EndProject
Global
	GlobalSection(SolutionConfigurationPlatforms) = preSolution
		Debug|Any CPU = Debug|Any CPU
		Release|Any CPU = Release|Any CPU
	EndGlobalSection
	GlobalSection(ProjectConfigurationPlatforms) = postSolution
		{36C0C2A2-B2FB-4102-94D6-28B4F829DEFB}.Debug|Any CPU.ActiveCfg = Debug|Any CPU
		{36C0C2A2-B2FB-4102-94D6-28B4F829DEFB}.Debug|Any CPU.Build.0 = Debug|Any CPU
		{36C0C2A2-B2FB-4102-94D6-28B4F829DEFB}.Release|Any CPU.ActiveCfg = Release|Any CPU
		{36C0C2A2-B2FB-4102-94D6-28B4F829DEFB}.Release|Any CPU.Build.0 = Release|Any CPU
	EndGlobalSection
	GlobalSection(SolutionProperties) = preSolution
		HideSolutionNode = FALSE
	EndGlobalSection
	GlobalSection(ExtensibilityGlobals) = postSolution
		SolutionGuid = {6538F2FD-7BA4-43FF-AB98-EA85AD7BF9AF}
	EndGlobalSection
EndGlobal
